Microsoft Visual Studio Solution File, Format Version 11.00
# Visual Studio 2008

Project("{9339AA03-1E5C-DC8C-EE00-6C221D58D955}") = "ceiling_ninja", "Assembly-CSharp.csproj", "{03E69B10-077D-AD11-0C6D-C5FEDDE0DCD4}"
EndProject
Global
	GlobalSection(SolutionConfigurationPlatforms) = preSolution
		Debug|Any CPU = Debug|Any CPU
		Release|Any CPU = Release|Any CPU
	EndGlobalSection
	GlobalSection(ProjectConfigurationPlatforms) = postSolution
		{03E69B10-077D-AD11-0C6D-C5FEDDE0DCD4}.Debug|Any CPU.ActiveCfg = Debug|Any CPU
		{03E69B10-077D-AD11-0C6D-C5FEDDE0DCD4}.Debug|Any CPU.Build.0 = Debug|Any CPU
		{03E69B10-077D-AD11-0C6D-C5FEDDE0DCD4}.Release|Any CPU.ActiveCfg = Release|Any CPU
		{03E69B10-077D-AD11-0C6D-C5FEDDE0DCD4}.Release|Any CPU.Build.0 = Release|Any CPU
	EndGlobalSection
	GlobalSection(SolutionProperties) = preSolution
		HideSolutionNode = FALSE
	EndGlobalSection
	GlobalSection(MonoDevelopProperties) = preSolution
		StartupItem = Assembly-CSharp.csproj
	EndGlobalSection
EndGlobal
